// !$*UTF8*$!
{
	archiveVersion = 1;
	classes = {
	};
	objectVersion = 51;
	objects = {

/* Begin PBXBuildFile section */
		17BF4E6EEE6479E8FDEB3A41 /* Pods_chat_fire.framework in Frameworks */ = {isa = PBXBuildFile; fileRef = 21AFC3A5FA980D3EF8F3EF00 /* Pods_chat_fire.framework */; };
		DC3C3A5124082CDD0063F02B /* RoomsViewController.swift in Sources */ = {isa = PBXBuildFile; fileRef = DC3C3A5024082CDD0063F02B /* RoomsViewController.swift */; };
		DC3C3A582408605F0063F02B /* Room.swift in Sources */ = {isa = PBXBuildFile; fileRef = DC3C3A572408605F0063F02B /* Room.swift */; };
		DC6382632406BF6E00D4AEE2 /* AppDelegate.swift in Sources */ = {isa = PBXBuildFile; fileRef = DC6382622406BF6E00D4AEE2 /* AppDelegate.swift */; };
		DC6382652406BF6E00D4AEE2 /* ViewController.swift in Sources */ = {isa = PBXBuildFile; fileRef = DC6382642406BF6E00D4AEE2 /* ViewController.swift */; };
		DC6382682406BF6E00D4AEE2 /* Main.storyboard in Resources */ = {isa = PBXBuildFile; fileRef = DC6382662406BF6E00D4AEE2 /* Main.storyboard */; };
		DC63826A2406BF7900D4AEE2 /* Assets.xcassets in Resources */ = {isa = PBXBuildFile; fileRef = DC6382692406BF7900D4AEE2 /* Assets.xcassets */; };
		DC63826D2406BF7900D4AEE2 /* LaunchScreen.storyboard in Resources */ = {isa = PBXBuildFile; fileRef = DC63826B2406BF7900D4AEE2 /* LaunchScreen.storyboard */; };
		DC6382782406C53000D4AEE2 /* logo.png in Resources */ = {isa = PBXBuildFile; fileRef = DC6382772406C53000D4AEE2 /* logo.png */; };
		DC63827A2406D5C000D4AEE2 /* FormCell.swift in Sources */ = {isa = PBXBuildFile; fileRef = DC6382792406D5C000D4AEE2 /* FormCell.swift */; };
		DC63827E2407015B00D4AEE2 /* GoogleService-Info.plist in Resources */ = {isa = PBXBuildFile; fileRef = DC63827D2407015B00D4AEE2 /* GoogleService-Info.plist */; };
/* End PBXBuildFile section */

/* Begin PBXFileReference section */
		21AFC3A5FA980D3EF8F3EF00 /* Pods_chat_fire.framework */ = {isa = PBXFileReference; explicitFileType = wrapper.framework; includeInIndex = 0; path = Pods_chat_fire.framework; sourceTree = BUILT_PRODUCTS_DIR; };
		2816AFC55F69987F57339C4A /* Pods-chat_fire.debug.xcconfig */ = {isa = PBXFileReference; includeInIndex = 1; lastKnownFileType = text.xcconfig; name = "Pods-chat_fire.debug.xcconfig"; path = "Target Support Files/Pods-chat_fire/Pods-chat_fire.debug.xcconfig"; sourceTree = "<group>"; };
		7BEBB7A814E17B8F58E0275E /* Pods-chat_fire.release.xcconfig */ = {isa = PBXFileReference; includeInIndex = 1; lastKnownFileType = text.xcconfig; name = "Pods-chat_fire.release.xcconfig"; path = "Target Support Files/Pods-chat_fire/Pods-chat_fire.release.xcconfig"; sourceTree = "<group>"; };
		DC3C3A5024082CDD0063F02B /* RoomsViewController.swift */ = {isa = PBXFileReference; lastKnownFileType = sourcecode.swift; path = RoomsViewController.swift; sourceTree = "<group>"; };
		DC3C3A572408605F0063F02B /* Room.swift */ = {isa = PBXFileReference; lastKnownFileType = sourcecode.swift; path = Room.swift; sourceTree = "<group>"; };
		DC63825F2406BF6E00D4AEE2 /* chat_fire.app */ = {isa = PBXFileReference; explicitFileType = wrapper.application; includeInIndex = 0; path = chat_fire.app; sourceTree = BUILT_PRODUCTS_DIR; };
		DC6382622406BF6E00D4AEE2 /* AppDelegate.swift */ = {isa = PBXFileReference; lastKnownFileType = sourcecode.swift; path = AppDelegate.swift; sourceTree = "<group>"; };
		DC6382642406BF6E00D4AEE2 /* ViewController.swift */ = {isa = PBXFileReference; lastKnownFileType = sourcecode.swift; path = ViewController.swift; sourceTree = "<group>"; };
		DC6382672406BF6E00D4AEE2 /* Base */ = {isa = PBXFileReference; lastKnownFileType = file.storyboard; name = Base; path = Base.lproj/Main.storyboard; sourceTree = "<group>"; };
		DC6382692406BF7900D4AEE2 /* Assets.xcassets */ = {isa = PBXFileReference; lastKnownFileType = folder.assetcatalog; path = Assets.xcassets; sourceTree = "<group>"; };
		DC63826C2406BF7900D4AEE2 /* Base */ = {isa = PBXFileReference; lastKnownFileType = file.storyboard; name = Base; path = Base.lproj/LaunchScreen.storyboard; sourceTree = "<group>"; };
		DC63826E2406BF7900D4AEE2 /* Info.plist */ = {isa = PBXFileReference; lastKnownFileType = text.plist.xml; path = Info.plist; sourceTree = "<group>"; };
		DC6382772406C53000D4AEE2 /* logo.png */ = {isa = PBXFileReference; lastKnownFileType = image.png; path = logo.png; sourceTree = "<group>"; };
		DC6382792406D5C000D4AEE2 /* FormCell.swift */ = {isa = PBXFileReference; lastKnownFileType = sourcecode.swift; path = FormCell.swift; sourceTree = "<group>"; };
		DC63827D2407015B00D4AEE2 /* GoogleService-Info.plist */ = {isa = PBXFileReference; fileEncoding = 4; lastKnownFileType = text.plist.xml; name = "GoogleService-Info.plist"; path = "../GoogleService-Info.plist"; sourceTree = "<group>"; };
/* End PBXFileReference section */

/* Begin PBXFrameworksBuildPhase section */
		DC63825C2406BF6E00D4AEE2 /* Frameworks */ = {
			isa = PBXFrameworksBuildPhase;
			buildActionMask = 2147483647;
			files = (
				17BF4E6EEE6479E8FDEB3A41 /* Pods_chat_fire.framework in Frameworks */,
			);
			runOnlyForDeploymentPostprocessing = 0;
		};
/* End PBXFrameworksBuildPhase section */

/* Begin PBXGroup section */
		727E5EB6B07A16415739D298 /* Pods */ = {
			isa = PBXGroup;
			children = (
				2816AFC55F69987F57339C4A /* Pods-chat_fire.debug.xcconfig */,
				7BEBB7A814E17B8F58E0275E /* Pods-chat_fire.release.xcconfig */,
			);
			path = Pods;
			sourceTree = "<group>";
		};
		D1E56CC23704D9FC704BDCEB /* Frameworks */ = {
			isa = PBXGroup;
			children = (
				21AFC3A5FA980D3EF8F3EF00 /* Pods_chat_fire.framework */,
			);
			name = Frameworks;
			sourceTree = "<group>";
		};
		DC3C3A52240860210063F02B /* Model */ = {
			isa = PBXGroup;
			children = (
				DC3C3A572408605F0063F02B /* Room.swift */,
			);
			path = Model;
			sourceTree = "<group>";
		};
		DC6382562406BF6D00D4AEE2 = {
			isa = PBXGroup;
			children = (
				DC6382612406BF6E00D4AEE2 /* chat_fire */,
				DC6382602406BF6E00D4AEE2 /* Products */,
				727E5EB6B07A16415739D298 /* Pods */,
				D1E56CC23704D9FC704BDCEB /* Frameworks */,
			);
			sourceTree = "<group>";
		};
		DC6382602406BF6E00D4AEE2 /* Products */ = {
			isa = PBXGroup;
			children = (
				DC63825F2406BF6E00D4AEE2 /* chat_fire.app */,
			);
			name = Products;
			sourceTree = "<group>";
		};
		DC6382612406BF6E00D4AEE2 /* chat_fire */ = {
			isa = PBXGroup;
			children = (
				DC3C3A52240860210063F02B /* Model */,
				DC6382742406C32000D4AEE2 /* Resources */,
				DC6382622406BF6E00D4AEE2 /* AppDelegate.swift */,
				DC6382642406BF6E00D4AEE2 /* ViewController.swift */,
				DC6382662406BF6E00D4AEE2 /* Main.storyboard */,
				DC6382692406BF7900D4AEE2 /* Assets.xcassets */,
				DC63826B2406BF7900D4AEE2 /* LaunchScreen.storyboard */,
				DC63826E2406BF7900D4AEE2 /* Info.plist */,
				DC6382792406D5C000D4AEE2 /* FormCell.swift */,
				DC3C3A5024082CDD0063F02B /* RoomsViewController.swift */,
			);
			path = chat_fire;
			sourceTree = "<group>";
		};
		DC6382742406C32000D4AEE2 /* Resources */ = {
			isa = PBXGroup;
			children = (
				DC63827D2407015B00D4AEE2 /* GoogleService-Info.plist */,
				DC6382772406C53000D4AEE2 /* logo.png */,
			);
			path = Resources;
			sourceTree = "<group>";
		};
/* End PBXGroup section */

/* Begin PBXNativeTarget section */
		DC63825E2406BF6E00D4AEE2 /* chat_fire */ = {
			isa = PBXNativeTarget;
			buildConfigurationList = DC6382712406BF7900D4AEE2 /* Build configuration list for PBXNativeTarget "chat_fire" */;
			buildPhases = (
				4CDA78EEA9DCA92094C620BB /* [CP] Check Pods Manifest.lock */,
				DC63825B2406BF6E00D4AEE2 /* Sources */,
				DC63825C2406BF6E00D4AEE2 /* Frameworks */,
				DC63825D2406BF6E00D4AEE2 /* Resources */,
				C5F2CC84A1D59DF8AFCCEA27 /* [CP] Embed Pods Frameworks */,
			);
			buildRules = (
			);
			dependencies = (
			);
			name = chat_fire;
			productName = chat_fire;
			productReference = DC63825F2406BF6E00D4AEE2 /* chat_fire.app */;
			productType = "com.apple.product-type.application";
		};
/* End PBXNativeTarget section */

/* Begin PBXProject section */
		DC6382572406BF6D00D4AEE2 /* Project object */ = {
			isa = PBXProject;
			attributes = {
				LastSwiftUpdateCheck = 1030;
				LastUpgradeCheck = 1030;
				ORGANIZATIONNAME = OKNASHAR;
				TargetAttributes = {
					DC63825E2406BF6E00D4AEE2 = {
						CreatedOnToolsVersion = 10.3;
					};
				};
			};
			buildConfigurationList = DC63825A2406BF6D00D4AEE2 /* Build configuration list for PBXProject "chat_fire" */;
			compatibilityVersion = "Xcode 9.3";
			developmentRegion = en;
			hasScannedForEncodings = 0;
			knownRegions = (
				en,
				Base,
			);
			mainGroup = DC6382562406BF6D00D4AEE2;
			productRefGroup = DC6382602406BF6E00D4AEE2 /* Products */;
			projectDirPath = "";
			projectRoot = "";
			targets = (
				DC63825E2406BF6E00D4AEE2 /* chat_fire */,
			);
		};
/* End PBXProject section */

/* Begin PBXResourcesBuildPhase section */
		DC63825D2406BF6E00D4AEE2 /* Resources */ = {
			isa = PBXResourcesBuildPhase;
			buildActionMask = 2147483647;
			files = (
				DC6382782406C53000D4AEE2 /* logo.png in Resources */,
				DC63826D2406BF7900D4AEE2 /* LaunchScreen.storyboard in Resources */,
				DC63827E2407015B00D4AEE2 /* GoogleService-Info.plist in Resources */,
				DC63826A2406BF7900D4AEE2 /* Assets.xcassets in Resources */,
				DC6382682406BF6E00D4AEE2 /* Main.storyboard in Resources */,
			);
			runOnlyForDeploymentPostprocessing = 0;
		};
/* End PBXResourcesBuildPhase section */

/* Begin PBXShellScriptBuildPhase section */
		4CDA78EEA9DCA92094C620BB /* [CP] Check Pods Manifest.lock */ = {
			isa = PBXShellScriptBuildPhase;
			buildActionMask = 2147483647;
			files = (
			);
			inputFileListPaths = (
			);
			inputPaths = (
				"${PODS_PODFILE_DIR_PATH}/Podfile.lock",
				"${PODS_ROOT}/Manifest.lock",
			);
			name = "[CP] Check Pods Manifest.lock";
			outputFileListPaths = (
			);
			outputPaths = (
				"$(DERIVED_FILE_DIR)/Pods-chat_fire-checkManifestLockResult.txt",
			);
			runOnlyForDeploymentPostprocessing = 0;
			shellPath = /bin/sh;
			shellScript = "diff \"${PODS_PODFILE_DIR_PATH}/Podfile.lock\" \"${PODS_ROOT}/Manifest.lock\" > /dev/null\nif [ $? != 0 ] ; then\n    # print error to STDERR\n    echo \"error: The sandbox is not in sync with the Podfile.lock. Run 'pod install' or update your CocoaPods installation.\" >&2\n    exit 1\nfi\n# This output is used by Xcode 'outputs' to avoid re-running this script phase.\necho \"SUCCESS\" > \"${SCRIPT_OUTPUT_FILE_0}\"\n";
			showEnvVarsInLog = 0;
		};
		C5F2CC84A1D59DF8AFCCEA27 /* [CP] Embed Pods Frameworks */ = {
			isa = PBXShellScriptBuildPhase;
			buildActionMask = 2147483647;
			files = (
			);
			inputFileListPaths = (
				"${PODS_ROOT}/Target Support Files/Pods-chat_fire/Pods-chat_fire-frameworks-${CONFIGURATION}-input-files.xcfilelist",
			);
			name = "[CP] Embed Pods Frameworks";
			outputFileListPaths = (
				"${PODS_ROOT}/Target Support Files/Pods-chat_fire/Pods-chat_fire-frameworks-${CONFIGURATION}-output-files.xcfilelist",
			);
			runOnlyForDeploymentPostprocessing = 0;
			shellPath = /bin/sh;
			shellScript = "\"${PODS_ROOT}/Target Support Files/Pods-chat_fire/Pods-chat_fire-frameworks.sh\"\n";
			showEnvVarsInLog = 0;
		};
/* End PBXShellScriptBuildPhase section */

/* Begin PBXSourcesBuildPhase section */
		DC63825B2406BF6E00D4AEE2 /* Sources */ = {
			isa = PBXSourcesBuildPhase;
			buildActionMask = 2147483647;
			files = (
				DC6382652406BF6E00D4AEE2 /* ViewController.swift in Sources */,
				DC63827A2406D5C000D4AEE2 /* FormCell.swift in Sources */,
				DC6382632406BF6E00D4AEE2 /* AppDelegate.swift in Sources */,
				DC3C3A5124082CDD0063F02B /* RoomsViewController.swift in Sources */,
				DC3C3A582408605F0063F02B /* Room.swift in Sources */,
			);
			runOnlyForDeploymentPostprocessing = 0;
		};
/* End PBXSourcesBuildPhase section */

/* Begin PBXVariantGroup section */
		DC6382662406BF6E00D4AEE2 /* Main.storyboard */ = {
			isa = PBXVariantGroup;
			children = (
				DC6382672406BF6E00D4AEE2 /* Base */,
			);
			name = Main.storyboard;
			sourceTree = "<group>";
		};
		DC63826B2406BF7900D4AEE2 /* LaunchScreen.storyboard */ = {
			isa = PBXVariantGroup;
			children = (
				DC63826C2406BF7900D4AEE2 /* Base */,
			);
			name = LaunchScreen.storyboard;
			sourceTree = "<group>";
		};
/* End PBXVariantGroup section */

/* Begin XCBuildConfiguration section */
		DC63826F2406BF7900D4AEE2 /* Debug */ = {
			isa = XCBuildConfiguration;
			buildSettings = {
				ALWAYS_SEARCH_USER_PATHS = NO;
				CLANG_ANALYZER_NONNULL = YES;
				CLANG_ANALYZER_NUMBER_OBJECT_CONVERSION = YES_AGGRESSIVE;
				CLANG_CXX_LANGUAGE_STANDARD = "gnu++14";
				CLANG_CXX_LIBRARY = "libc++";
				CLANG_ENABLE_MODULES = YES;
				CLANG_ENABLE_OBJC_ARC = YES;
				CLANG_ENABLE_OBJC_WEAK = YES;
				CLANG_WARN_BLOCK_CAPTURE_AUTORELEASING = YES;
				CLANG_WARN_BOOL_CONVERSION = YES;
				CLANG_WARN_COMMA = YES;
				CLANG_WARN_CONSTANT_CONVERSION = YES;
				CLANG_WARN_DEPRECATED_OBJC_IMPLEMENTATIONS = YES;
				CLANG_WARN_DIRECT_OBJC_ISA_USAGE = YES_ERROR;
				CLANG_WARN_DOCUMENTATION_COMMENTS = YES;
				CLANG_WARN_EMPTY_BODY = YES;
				CLANG_WARN_ENUM_CONVERSION = YES;
				CLANG_WARN_INFINITE_RECURSION = YES;
				CLANG_WARN_INT_CONVERSION = YES;
				CLANG_WARN_NON_LITERAL_NULL_CONVERSION = YES;
				CLANG_WARN_OBJC_IMPLICIT_RETAIN_SELF = YES;
				CLANG_WARN_OBJC_LITERAL_CONVERSION = YES;
				CLANG_WARN_OBJC_ROOT_CLASS = YES_ERROR;
				CLANG_WARN_RANGE_LOOP_ANALYSIS = YES;
				CLANG_WARN_STRICT_PROTOTYPES = YES;
				CLANG_WARN_SUSPICIOUS_MOVE = YES;
				CLANG_WARN_UNGUARDED_AVAILABILITY = YES_AGGRESSIVE;
				CLANG_WARN_UNREACHABLE_CODE = YES;
				CLANG_WARN__DUPLICATE_METHOD_MATCH = YES;
				CODE_SIGN_IDENTITY = "iPhone Developer";
				COPY_PHASE_STRIP = NO;
				DEBUG_INFORMATION_FORMAT = dwarf;
				ENABLE_STRICT_OBJC_MSGSEND = YES;
				ENABLE_TESTABILITY = YES;
				GCC_C_LANGUAGE_STANDARD = gnu11;
				GCC_DYNAMIC_NO_PIC = NO;
				GCC_NO_COMMON_BLOCKS = YES;
				GCC_OPTIMIZATION_LEVEL = 0;
				GCC_PREPROCESSOR_DEFINITIONS = (
					"DEBUG=1",
					"$(inherited)",
				);
				GCC_WARN_64_TO_32_BIT_CONVERSION = YES;
				GCC_WARN_ABOUT_RETURN_TYPE = YES_ERROR;
				GCC_WARN_UNDECLARED_SELECTOR = YES;
				GCC_WARN_UNINITIALIZED_AUTOS = YES_AGGRESSIVE;
				GCC_WARN_UNUSED_FUNCTION = YES;
				GCC_WARN_UNUSED_VARIABLE = YES;
				IPHONEOS_DEPLOYMENT_TARGET = 12.4;
				MTL_ENABLE_DEBUG_INFO = INCLUDE_SOURCE;
				MTL_FAST_MATH = YES;
				ONLY_ACTIVE_ARCH = YES;
				SDKROOT = iphoneos;
				SWIFT_ACTIVE_COMPILATION_CONDITIONS = DEBUG;
				SWIFT_OPTIMIZATION_LEVEL = "-Onone";
			};
			name = Debug;
		};
		DC6382702406BF7900D4AEE2 /* Release */ = {
			isa = XCBuildConfiguration;
			buildSettings = {
				ALWAYS_SEARCH_USER_PATHS = NO;
				CLANG_ANALYZER_NONNULL = YES;
				CLANG_ANALYZER_NUMBER_OBJECT_CONVERSION = YES_AGGRESSIVE;
				CLANG_CXX_LANGUAGE_STANDARD = "gnu++14";
				CLANG_CXX_LIBRARY = "libc++";
				CLANG_ENABLE_MODULES = YES;
				CLANG_ENABLE_OBJC_ARC = YES;
				CLANG_ENABLE_OBJC_WEAK = YES;
				CLANG_WARN_BLOCK_CAPTURE_AUTORELEASING = YES;
				CLANG_WARN_BOOL_CONVERSION = YES;
				CLANG_WARN_COMMA = YES;
				CLANG_WARN_CONSTANT_CONVERSION = YES;
				CLANG_WARN_DEPRECATED_OBJC_IMPLEMENTATIONS = YES;
				CLANG_WARN_DIRECT_OBJC_ISA_USAGE = YES_ERROR;
				CLANG_WARN_DOCUMENTATION_COMMENTS = YES;
				CLANG_WARN_EMPTY_BODY = YES;
				CLANG_WARN_ENUM_CONVERSION = YES;
				CLANG_WARN_INFINITE_RECURSION = YES;
				CLANG_WARN_INT_CONVERSION = YES;
				CLANG_WARN_NON_LITERAL_NULL_CONVERSION = YES;
				CLANG_WARN_OBJC_IMPLICIT_RETAIN_SELF = YES;
				CLANG_WARN_OBJC_LITERAL_CONVERSION = YES;
				CLANG_WARN_OBJC_ROOT_CLASS = YES_ERROR;
				CLANG_WARN_RANGE_LOOP_ANALYSIS = YES;
				CLANG_WARN_STRICT_PROTOTYPES = YES;
				CLANG_WARN_SUSPICIOUS_MOVE = YES;
				CLANG_WARN_UNGUARDED_AVAILABILITY = YES_AGGRESSIVE;
				CLANG_WARN_UNREACHABLE_CODE = YES;
				CLANG_WARN__DUPLICATE_METHOD_MATCH = YES;
				CODE_SIGN_IDENTITY = "iPhone Developer";
				COPY_PHASE_STRIP = NO;
				DEBUG_INFORMATION_FORMAT = "dwarf-with-dsym";
				ENABLE_NS_ASSERTIONS = NO;
				ENABLE_STRICT_OBJC_MSGSEND = YES;
				GCC_C_LANGUAGE_STANDARD = gnu11;
				GCC_NO_COMMON_BLOCKS = YES;
				GCC_WARN_64_TO_32_BIT_CONVERSION = YES;
				GCC_WARN_ABOUT_RETURN_TYPE = YES_ERROR;
				GCC_WARN_UNDECLARED_SELECTOR = YES;
				GCC_WARN_UNINITIALIZED_AUTOS = YES_AGGRESSIVE;
				GCC_WARN_UNUSED_FUNCTION = YES;
				GCC_WARN_UNUSED_VARIABLE = YES;
				IPHONEOS_DEPLOYMENT_TARGET = 12.4;
				MTL_ENABLE_DEBUG_INFO = NO;
				MTL_FAST_MATH = YES;
				SDKROOT = iphoneos;
				SWIFT_COMPILATION_MODE = wholemodule;
				SWIFT_OPTIMIZATION_LEVEL = "-O";
				VALIDATE_PRODUCT = YES;
			};
			name = Release;
		};
		DC6382722406BF7900D4AEE2 /* Debug */ = {
			isa = XCBuildConfiguration;
			baseConfigurationReference = 2816AFC55F69987F57339C4A /* Pods-chat_fire.debug.xcconfig */;
			buildSettings = {
				ASSETCATALOG_COMPILER_APPICON_NAME = AppIcon;
				CODE_SIGN_STYLE = Automatic;
				DEVELOPMENT_TEAM = 9JJ9TGTV56;
				INFOPLIST_FILE = chat_fire/Info.plist;
				LD_RUNPATH_SEARCH_PATHS = (
					"$(inherited)",
					"@executable_path/Frameworks",
				);
				PRODUCT_BUNDLE_IDENTIFIER = "omar.chat-fire";
				PRODUCT_NAME = "$(TARGET_NAME)";
				SWIFT_VERSION = 5.0;
				TARGETED_DEVICE_FAMILY = "1,2";
			};
			name = Debug;
		};
		DC6382732406BF7900D4AEE2 /* Release */ = {
			isa = XCBuildConfiguration;
			baseConfigurationReference = 7BEBB7A814E17B8F58E0275E /* Pods-chat_fire.release.xcconfig */;
			buildSettings = {
				ASSETCATALOG_COMPILER_APPICON_NAME = AppIcon;
				CODE_SIGN_STYLE = Automatic;
				DEVELOPMENT_TEAM = 9JJ9TGTV56;
				INFOPLIST_FILE = chat_fire/Info.plist;
				LD_RUNPATH_SEARCH_PATHS = (
					"$(inherited)",
					"@executable_path/Frameworks",
				);
				PRODUCT_BUNDLE_IDENTIFIER = "omar.chat-fire";
				PRODUCT_NAME = "$(TARGET_NAME)";
				SWIFT_VERSION = 5.0;
				TARGETED_DEVICE_FAMILY = "1,2";
			};
			name = Release;
		};
/* End XCBuildConfiguration section */

/* Begin XCConfigurationList section */
		DC63825A2406BF6D00D4AEE2 /* Build configuration list for PBXProject "chat_fire" */ = {
			isa = XCConfigurationList;
			buildConfigurations = (
				DC63826F2406BF7900D4AEE2 /* Debug */,
				DC6382702406BF7900D4AEE2 /* Release */,
			);
			defaultConfigurationIsVisible = 0;
			defaultConfigurationName = Release;
		};
		DC6382712406BF7900D4AEE2 /* Build configuration list for PBXNativeTarget "chat_fire" */ = {
			isa = XCConfigurationList;
			buildConfigurations = (
				DC6382722406BF7900D4AEE2 /* Debug */,
				DC6382732406BF7900D4AEE2 /* Release */,
			);
			defaultConfigurationIsVisible = 0;
			defaultConfigurationName = Release;
		};
/* End XCConfigurationList section */
	};
	rootObject = DC6382572406BF6D00D4AEE2 /* Project object */;
}
